Microsoft Visual Studio Solution File, Format Version 12.00
# Visual Studio Version 17
VisualStudioVersion = 17.5.2.0
MinimumVisualStudioVersion = 10.0.40219.1
Project("{FAE04EC0-301F-11D3-BF4B-00C04F79EFBC}") = "Calcpad.Highlighter", "Calcpad.Highlighter.csproj", "{5CB51459-FD1B-B08F-CD8C-AC8602B5A35C}"
EndProject
Project("{FAE04EC0-301F-11D3-BF4B-00C04F79EFBC}") = "Tests", "Tests\Tests.csproj", "{9CF47860-2CEA-F379-09D8-9AEF27965D12}"
EndProject
Global
	GlobalSection(SolutionConfigurationPlatforms) = preSolution
		Debug|Any CPU = Debug|Any CPU
		Release|Any CPU = Release|Any CPU
	EndGlobalSection
	GlobalSection(ProjectConfigurationPlatforms) = postSolution
		{5CB51459-FD1B-B08F-CD8C-AC8602B5A35C}.Debug|Any CPU.ActiveCfg = Debug|Any CPU
		{5CB51459-FD1B-B08F-CD8C-AC8602B5A35C}.Debug|Any CPU.Build.0 = Debug|Any CPU
		{5CB51459-FD1B-B08F-CD8C-AC8602B5A35C}.Release|Any CPU.ActiveCfg = Release|Any CPU
		{5CB51459-FD1B-B08F-CD8C-AC8602B5A35C}.Release|Any CPU.Build.0 = Release|Any CPU
		{9CF47860-2CEA-F379-09D8-9AEF27965D12}.Debug|Any CPU.ActiveCfg = Debug|Any CPU
		{9CF47860-2CEA-F379-09D8-9AEF27965D12}.Debug|Any CPU.Build.0 = Debug|Any CPU
		{9CF47860-2CEA-F379-09D8-9AEF27965D12}.Release|Any CPU.ActiveCfg = Release|Any CPU
		{9CF47860-2CEA-F379-09D8-9AEF27965D12}.Release|Any CPU.Build.0 = Release|Any CPU
	EndGlobalSection
	GlobalSection(SolutionProperties) = preSolution
		HideSolutionNode = FALSE
	EndGlobalSection
	GlobalSection(ExtensibilityGlobals) = postSolution
		SolutionGuid = {3E2FD33E-E2C4-4EE9-A729-EE0D6B957079}
	EndGlobalSection
EndGlobal
